# THIS IS AN AUTOGENERATED FILE. DO NOT EDIT THIS FILE DIRECTLY.
# yarn lockfile v1


"@hono/node-server@^1.2.3":
  version "1.3.0"
  resolved "https://registry.npmmirror.com/@hono/node-server/-/node-server-1.3.0.tgz#9b2ad63640480c68f64242cb5ce49ca81d95acff"
  integrity sha512-jkTle7wEy/TxK4Xvh8DHPYQFyO9dk9DpTzzEdFeA8G2jaoQnO23To5FyNQMUYdN9u7oSuy9l8G+BrDDV1XERBw==

"@ifyour/deeplx@^0.1.14":
  version "0.1.16"
  resolved "https://registry.npmmirror.com/@ifyour/deeplx/-/deeplx-0.1.16.tgz#42500942d6d674a77364f4a917b584adad7fc70c"
  integrity sha512-H31FB0YwRkq8vaJdiXhZzGaiIz+z5cFBciUe/8r1GOcIK1n19zeSmrZkemPP7ZOCPX3WfLXuG8d6bHQiZJtHog==

hono@^3.10.0:
  version "3.10.3"
  resolved "https://registry.npmmirror.com/hono/-/hono-3.10.3.tgz#2eb2e9085ab9f56ce554ea08980f7fbc1eb93bfe"
  integrity sha512-44YzAp+rydwGWqW+VRivuOWpGWug8zCSy1Gd6gBLAlclIVlPjZAYXfSNqlhSIvd6ZyseM4aP9SDDNmwXceIy+A==
